
Microsoft Visual Studio Solution File, Format Version 12.00
# Visual Studio Version 17
VisualStudioVersion = 17.14.37516.0 d17.14
MinimumVisualStudioVersion = 10.0.40219.1
Project("{FAE04EC0-301F-11D3-BF4B-00C04F79EFBC}") = "AutomatePdm", "AutomatePdm\AutomatePdm.csproj", "{DAB4C235-DFF4-4817-92D7-857858804880}"
EndProject
Global
	GlobalSection(SolutionConfigurationPlatforms) = preSolution
		Debug|Any CPU = Debug|Any CPU
		Release|Any CPU = Release|Any CPU
	EndGlobalSection
	GlobalSection(ProjectConfigurationPlatforms) = postSolution
		{DAB4C235-DFF4-4817-92D7-857858804880}.Debug|Any CPU.ActiveCfg = Debug|Any CPU
		{DAB4C235-DFF4-4817-92D7-857858804880}.Debug|Any CPU.Build.0 = Debug|Any CPU
		{DAB4C235-DFF4-4817-92D7-857858804880}.Release|Any CPU.ActiveCfg = Release|Any CPU
		{DAB4C235-DFF4-4817-92D7-857858804880}.Release|Any CPU.Build.0 = Release|Any CPU
	EndGlobalSection
	GlobalSection(SolutionProperties) = preSolution
		HideSolutionNode = FALSE
	EndGlobalSection
	GlobalSection(ExtensibilityGlobals) = postSolution
		SolutionGuid = {05414304-F516-48FE-871C-A415BE567F1C}
	EndGlobalSection
EndGlobal
